
Microsoft Visual Studio Solution File, Format Version 12.00
# Visual Studio Version 16
VisualStudioVersion = 16.0.31624.102
MinimumVisualStudioVersion = 10.0.40219.1
Project("{FAE04EC0-301F-11D3-BF4B-00C04F79EFBC}") = "QuanLyNhaHangSQK", "QuanLyNhaHangSQK\QuanLyNhaHangSQK.csproj", "{98C53876-FB5A-4A11-97FA-27695AC522F2}"
EndProject
Global
	GlobalSection(SolutionConfigurationPlatforms) = preSolution
		Debug|Any CPU = Debug|Any CPU
		Release|Any CPU = Release|Any CPU
	EndGlobalSection
	GlobalSection(ProjectConfigurationPlatforms) = postSolution
		{98C53876-FB5A-4A11-97FA-27695AC522F2}.Debug|Any CPU.ActiveCfg = Debug|Any CPU
		{98C53876-FB5A-4A11-97FA-27695AC522F2}.Debug|Any CPU.Build.0 = Debug|Any CPU
		{98C53876-FB5A-4A11-97FA-27695AC522F2}.Release|Any CPU.ActiveCfg = Release|Any CPU
		{98C53876-FB5A-4A11-97FA-27695AC522F2}.Release|Any CPU.Build.0 = Release|Any CPU
	EndGlobalSection
	GlobalSection(SolutionProperties) = preSolution
		HideSolutionNode = FALSE
	EndGlobalSection
	GlobalSection(ExtensibilityGlobals) = postSolution
		SolutionGuid = {7641B69E-32F4-4B28-B42D-1D098314F4F1}
	EndGlobalSection
EndGlobal
